
Microsoft Visual Studio Solution File, Format Version 12.00
# Visual Studio Version 16
VisualStudioVersion = 16.0.31205.134
MinimumVisualStudioVersion = 10.0.40219.1
Project("{2150E333-8FDC-42A3-9474-1A3956D46DE8}") = "Services", "Services", "{F975BC74-5648-4777-AC99-672E86CD3A19}"
EndProject
Project("{2150E333-8FDC-42A3-9474-1A3956D46DE8}") = "HRM", "HRM", "{BB6BE75B-E357-463B-98C9-E950E33A0408}"
EndProject
Project("{2150E333-8FDC-42A3-9474-1A3956D46DE8}") = "Core", "Core", "{0BF519F7-2C48-43B5-AB22-47A961220A04}"
EndProject
Project("{2150E333-8FDC-42A3-9474-1A3956D46DE8}") = "Infrastructure", "Infrastructure", "{D475B2C7-49D0-4E94-8D1D-FE325FCD3E05}"
EndProject
Project("{FAE04EC0-301F-11D3-BF4B-00C04F79EFBC}") = "Hrm.Core.Application", "Services\HRM\Hrm.Core.Application\Hrm.Core.Application.csproj", "{251AB4D0-AFA9-4143-AD04-9F2DED74737F}"
EndProject
Project("{FAE04EC0-301F-11D3-BF4B-00C04F79EFBC}") = "Hrm.Core.Common", "Services\HRM\Hrm.Core.Common\Hrm.Core.Common.csproj", "{EFCF0168-3ACE-434E-9D7E-D8D775732740}"
EndProject
Project("{FAE04EC0-301F-11D3-BF4B-00C04F79EFBC}") = "Hrm.Core.Domain", "Services\HRM\Hrm.Core.Domain\Hrm.Core.Domain.csproj", "{E3618A6C-E678-42FD-8450-FEE4CFAE8A2B}"
EndProject
Project("{FAE04EC0-301F-11D3-BF4B-00C04F79EFBC}") = "Hrm.Infrastructure", "Services\HRM\Hrm.Infrastructure\Hrm.Infrastructure.csproj", "{7CF4E84C-087E-4609-9E7A-9595A2BBDBDA}"
EndProject
Project("{FAE04EC0-301F-11D3-BF4B-00C04F79EFBC}") = "Hrm.Api", "Services\HRM\Hrm.Api\Hrm.Api.csproj", "{7CED0256-4CAA-43EB-B930-0CCA897BF68A}"
EndProject
Project("{FAE04EC0-301F-11D3-BF4B-00C04F79EFBC}") = "Hrm.Persistence", "Services\HRM\Hrm.Persistence\Hrm.Persistence.csproj", "{510066BD-AAD1-4703-975B-AD0B165F7007}"
EndProject
Project("{2150E333-8FDC-42A3-9474-1A3956D46DE8}") = "WebApp", "WebApp", "{D9D586A2-04EB-4482-A99D-5A137B47ABE7}"
EndProject
Project("{FAE04EC0-301F-11D3-BF4B-00C04F79EFBC}") = "WEB-SPA", "WEB-SPA\WEB-SPA.csproj", "{AD8AAD89-4675-4A44-93F3-70D4C0B74CC4}"
EndProject
Global
	GlobalSection(SolutionConfigurationPlatforms) = preSolution
		Debug|Any CPU = Debug|Any CPU
		Release|Any CPU = Release|Any CPU
	EndGlobalSection
	GlobalSection(ProjectConfigurationPlatforms) = postSolution
		{251AB4D0-AFA9-4143-AD04-9F2DED74737F}.Debug|Any CPU.ActiveCfg = Debug|Any CPU
		{251AB4D0-AFA9-4143-AD04-9F2DED74737F}.Debug|Any CPU.Build.0 = Debug|Any CPU
		{251AB4D0-AFA9-4143-AD04-9F2DED74737F}.Release|Any CPU.ActiveCfg = Release|Any CPU
		{251AB4D0-AFA9-4143-AD04-9F2DED74737F}.Release|Any CPU.Build.0 = Release|Any CPU
		{EFCF0168-3ACE-434E-9D7E-D8D775732740}.Debug|Any CPU.ActiveCfg = Debug|Any CPU
		{EFCF0168-3ACE-434E-9D7E-D8D775732740}.Debug|Any CPU.Build.0 = Debug|Any CPU
		{EFCF0168-3ACE-434E-9D7E-D8D775732740}.Release|Any CPU.ActiveCfg = Release|Any CPU
		{EFCF0168-3ACE-434E-9D7E-D8D775732740}.Release|Any CPU.Build.0 = Release|Any CPU
		{E3618A6C-E678-42FD-8450-FEE4CFAE8A2B}.Debug|Any CPU.ActiveCfg = Debug|Any CPU
		{E3618A6C-E678-42FD-8450-FEE4CFAE8A2B}.Debug|Any CPU.Build.0 = Debug|Any CPU
		{E3618A6C-E678-42FD-8450-FEE4CFAE8A2B}.Release|Any CPU.ActiveCfg = Release|Any CPU
		{E3618A6C-E678-42FD-8450-FEE4CFAE8A2B}.Release|Any CPU.Build.0 = Release|Any CPU
		{7CF4E84C-087E-4609-9E7A-9595A2BBDBDA}.Debug|Any CPU.ActiveCfg = Debug|Any CPU
		{7CF4E84C-087E-4609-9E7A-9595A2BBDBDA}.Debug|Any CPU.Build.0 = Debug|Any CPU
		{7CF4E84C-087E-4609-9E7A-9595A2BBDBDA}.Release|Any CPU.ActiveCfg = Release|Any CPU
		{7CF4E84C-087E-4609-9E7A-9595A2BBDBDA}.Release|Any CPU.Build.0 = Release|Any CPU
		{7CED0256-4CAA-43EB-B930-0CCA897BF68A}.Debug|Any CPU.ActiveCfg = Debug|Any CPU
		{7CED0256-4CAA-43EB-B930-0CCA897BF68A}.Debug|Any CPU.Build.0 = Debug|Any CPU
		{7CED0256-4CAA-43EB-B930-0CCA897BF68A}.Release|Any CPU.ActiveCfg = Release|Any CPU
		{7CED0256-4CAA-43EB-B930-0CCA897BF68A}.Release|Any CPU.Build.0 = Release|Any CPU
		{510066BD-AAD1-4703-975B-AD0B165F7007}.Debug|Any CPU.ActiveCfg = Debug|Any CPU
		{510066BD-AAD1-4703-975B-AD0B165F7007}.Debug|Any CPU.Build.0 = Debug|Any CPU
		{510066BD-AAD1-4703-975B-AD0B165F7007}.Release|Any CPU.ActiveCfg = Release|Any CPU
		{510066BD-AAD1-4703-975B-AD0B165F7007}.Release|Any CPU.Build.0 = Release|Any CPU
		{AD8AAD89-4675-4A44-93F3-70D4C0B74CC4}.Debug|Any CPU.ActiveCfg = Debug|Any CPU
		{AD8AAD89-4675-4A44-93F3-70D4C0B74CC4}.Debug|Any CPU.Build.0 = Debug|Any CPU
		{AD8AAD89-4675-4A44-93F3-70D4C0B74CC4}.Release|Any CPU.ActiveCfg = Release|Any CPU
		{AD8AAD89-4675-4A44-93F3-70D4C0B74CC4}.Release|Any CPU.Build.0 = Release|Any CPU
	EndGlobalSection
	GlobalSection(SolutionProperties) = preSolution
		HideSolutionNode = FALSE
	EndGlobalSection
	GlobalSection(NestedProjects) = preSolution
		{BB6BE75B-E357-463B-98C9-E950E33A0408} = {F975BC74-5648-4777-AC99-672E86CD3A19}
		{0BF519F7-2C48-43B5-AB22-47A961220A04} = {BB6BE75B-E357-463B-98C9-E950E33A0408}
		{D475B2C7-49D0-4E94-8D1D-FE325FCD3E05} = {BB6BE75B-E357-463B-98C9-E950E33A0408}
		{251AB4D0-AFA9-4143-AD04-9F2DED74737F} = {0BF519F7-2C48-43B5-AB22-47A961220A04}
		{EFCF0168-3ACE-434E-9D7E-D8D775732740} = {0BF519F7-2C48-43B5-AB22-47A961220A04}
		{E3618A6C-E678-42FD-8450-FEE4CFAE8A2B} = {0BF519F7-2C48-43B5-AB22-47A961220A04}
		{7CF4E84C-087E-4609-9E7A-9595A2BBDBDA} = {D475B2C7-49D0-4E94-8D1D-FE325FCD3E05}
		{7CED0256-4CAA-43EB-B930-0CCA897BF68A} = {BB6BE75B-E357-463B-98C9-E950E33A0408}
		{510066BD-AAD1-4703-975B-AD0B165F7007} = {D475B2C7-49D0-4E94-8D1D-FE325FCD3E05}
		{AD8AAD89-4675-4A44-93F3-70D4C0B74CC4} = {D9D586A2-04EB-4482-A99D-5A137B47ABE7}
	EndGlobalSection
	GlobalSection(ExtensibilityGlobals) = postSolution
		SolutionGuid = {6E9DC2C2-4E1F-4937-81F7-6846B04E6072}
	EndGlobalSection
EndGlobal
